// !$*UTF8*$!
{
	archiveVersion = 1;
	classes = {
	};
	objectVersion = 50;
	objects = {

/* Begin PBXBuildFile section */
		9C2364FB212DEB130016E7F7 /* NotificationsCoordinator.swift in Sources */ = {isa = PBXBuildFile; fileRef = 9C2364FA212DEB130016E7F7 /* NotificationsCoordinator.swift */; };
		9C2364FD212DEB7A0016E7F7 /* NotificationsTableViewController.swift in Sources */ = {isa = PBXBuildFile; fileRef = 9C2364FC212DEB7A0016E7F7 /* NotificationsTableViewController.swift */; };
		9C236500212DECF70016E7F7 /* LocalCoordinator.swift in Sources */ = {isa = PBXBuildFile; fileRef = 9C2364FF212DECF70016E7F7 /* LocalCoordinator.swift */; };
		9C236502212DED190016E7F7 /* LocalTableViewController.swift in Sources */ = {isa = PBXBuildFile; fileRef = 9C236501212DED190016E7F7 /* LocalTableViewController.swift */; };
		9C236504212DEE090016E7F7 /* TimelineCoordinator.swift in Sources */ = {isa = PBXBuildFile; fileRef = 9C236503212DEE090016E7F7 /* TimelineCoordinator.swift */; };
		9C236509212E1E130016E7F7 /* ComposeTootViewController.swift in Sources */ = {isa = PBXBuildFile; fileRef = 9C236508212E1E130016E7F7 /* ComposeTootViewController.swift */; };
		9C23650B212E260B0016E7F7 /* ComposeCoordinator.swift in Sources */ = {isa = PBXBuildFile; fileRef = 9C23650A212E260B0016E7F7 /* ComposeCoordinator.swift */; };
		9C285F1B2131BFB7006B0118 /* ImageGalleryView.swift in Sources */ = {isa = PBXBuildFile; fileRef = 9C285F1A2131BFB7006B0118 /* ImageGalleryView.swift */; };
		9C58487C212EE13B00B78C8C /* TootFormatter.swift in Sources */ = {isa = PBXBuildFile; fileRef = 9C58487B212EE13B00B78C8C /* TootFormatter.swift */; };
		9C58487E212EED8800B78C8C /* TootTextView.swift in Sources */ = {isa = PBXBuildFile; fileRef = 9C58487D212EED8800B78C8C /* TootTextView.swift */; };
		9C846DB7212FA4E500F164FC /* Extensions.swift in Sources */ = {isa = PBXBuildFile; fileRef = 9C846DB6212FA4E500F164FC /* Extensions.swift */; };
		9CAB7C6C213464CA00C24450 /* TootTimeFormatter.swift in Sources */ = {isa = PBXBuildFile; fileRef = 9CAB7C6B213464CA00C24450 /* TootTimeFormatter.swift */; };
		9CFDDF07212CE06C007FC2DF /* AppDelegate.swift in Sources */ = {isa = PBXBuildFile; fileRef = 9CFDDF06212CE06C007FC2DF /* AppDelegate.swift */; };
		9CFDDF0C212CE06C007FC2DF /* Main.storyboard in Resources */ = {isa = PBXBuildFile; fileRef = 9CFDDF0A212CE06C007FC2DF /* Main.storyboard */; };
		9CFDDF0E212CE06F007FC2DF /* Assets.xcassets in Resources */ = {isa = PBXBuildFile; fileRef = 9CFDDF0D212CE06F007FC2DF /* Assets.xcassets */; };
		9CFDDF11212CE06F007FC2DF /* LaunchScreen.storyboard in Resources */ = {isa = PBXBuildFile; fileRef = 9CFDDF0F212CE06F007FC2DF /* LaunchScreen.storyboard */; };
		9CFDDF1B212D0CAB007FC2DF /* ClientManager.swift in Sources */ = {isa = PBXBuildFile; fileRef = 9CFDDF1A212D0CAB007FC2DF /* ClientManager.swift */; };
		9CFDDF1D212D11B0007FC2DF /* TootsTableViewController.swift in Sources */ = {isa = PBXBuildFile; fileRef = 9CFDDF1C212D11B0007FC2DF /* TootsTableViewController.swift */; };
		9CFDDF21212D9184007FC2DF /* Coordinator.swift in Sources */ = {isa = PBXBuildFile; fileRef = 9CFDDF20212D9184007FC2DF /* Coordinator.swift */; };
		9CFDDF23212D91BE007FC2DF /* RootCoordinator.swift in Sources */ = {isa = PBXBuildFile; fileRef = 9CFDDF22212D91BE007FC2DF /* RootCoordinator.swift */; };
		9CFDDF26212D9460007FC2DF /* StatusTableViewCell.swift in Sources */ = {isa = PBXBuildFile; fileRef = 9CFDDF25212D9460007FC2DF /* StatusTableViewCell.swift */; };
		9CFDDF29212D9DC8007FC2DF /* DataProvider.swift in Sources */ = {isa = PBXBuildFile; fileRef = 9CFDDF28212D9DC8007FC2DF /* DataProvider.swift */; };
		9CFDDF2B212D9E23007FC2DF /* DataPresenter.swift in Sources */ = {isa = PBXBuildFile; fileRef = 9CFDDF2A212D9E23007FC2DF /* DataPresenter.swift */; };
		9CFDDF2D212D9E4E007FC2DF /* TableViewControllerWithAdapter.swift in Sources */ = {isa = PBXBuildFile; fileRef = 9CFDDF2C212D9E4E007FC2DF /* TableViewControllerWithAdapter.swift */; };
		9CFDDF2F212D9EB2007FC2DF /* StatusesAdapter.swift in Sources */ = {isa = PBXBuildFile; fileRef = 9CFDDF2E212D9EB2007FC2DF /* StatusesAdapter.swift */; };
		A40CF7B663EC3E8FA3694644 /* Pods_BlueToot.framework in Frameworks */ = {isa = PBXBuildFile; fileRef = 3DCEA9B521743CCA2C065011 /* Pods_BlueToot.framework */; };
		DE9974622134F397005AF8ED /* NotificationsAdapter.swift in Sources */ = {isa = PBXBuildFile; fileRef = DE9974602134F397005AF8ED /* NotificationsAdapter.swift */; };
		DE9974632134F397005AF8ED /* NotificationTableViewCell.swift in Sources */ = {isa = PBXBuildFile; fileRef = DE9974612134F397005AF8ED /* NotificationTableViewCell.swift */; };
/* End PBXBuildFile section */

/* Begin PBXFileReference section */
		3DCEA9B521743CCA2C065011 /* Pods_BlueToot.framework */ = {isa = PBXFileReference; explicitFileType = wrapper.framework; includeInIndex = 0; path = Pods_BlueToot.framework; sourceTree = BUILT_PRODUCTS_DIR; };
		99B34D28972EAA355FD377D7 /* Pods-BlueToot.release.xcconfig */ = {isa = PBXFileReference; includeInIndex = 1; lastKnownFileType = text.xcconfig; name = "Pods-BlueToot.release.xcconfig"; path = "Pods/Target Support Files/Pods-BlueToot/Pods-BlueToot.release.xcconfig"; sourceTree = "<group>"; };
		9C2364FA212DEB130016E7F7 /* NotificationsCoordinator.swift */ = {isa = PBXFileReference; lastKnownFileType = sourcecode.swift; path = NotificationsCoordinator.swift; sourceTree = "<group>"; };
		9C2364FC212DEB7A0016E7F7 /* NotificationsTableViewController.swift */ = {isa = PBXFileReference; lastKnownFileType = sourcecode.swift; path = NotificationsTableViewController.swift; sourceTree = "<group>"; };
		9C2364FF212DECF70016E7F7 /* LocalCoordinator.swift */ = {isa = PBXFileReference; lastKnownFileType = sourcecode.swift; path = LocalCoordinator.swift; sourceTree = "<group>"; };
		9C236501212DED190016E7F7 /* LocalTableViewController.swift */ = {isa = PBXFileReference; lastKnownFileType = sourcecode.swift; path = LocalTableViewController.swift; sourceTree = "<group>"; };
		9C236503212DEE090016E7F7 /* TimelineCoordinator.swift */ = {isa = PBXFileReference; lastKnownFileType = sourcecode.swift; path = TimelineCoordinator.swift; sourceTree = "<group>"; };
		9C236508212E1E130016E7F7 /* ComposeTootViewController.swift */ = {isa = PBXFileReference; fileEncoding = 4; lastKnownFileType = sourcecode.swift; path = ComposeTootViewController.swift; sourceTree = "<group>"; };
		9C23650A212E260B0016E7F7 /* ComposeCoordinator.swift */ = {isa = PBXFileReference; lastKnownFileType = sourcecode.swift; path = ComposeCoordinator.swift; sourceTree = "<group>"; };
		9C285F1A2131BFB7006B0118 /* ImageGalleryView.swift */ = {isa = PBXFileReference; lastKnownFileType = sourcecode.swift; path = ImageGalleryView.swift; sourceTree = "<group>"; };
		9C58487B212EE13B00B78C8C /* TootFormatter.swift */ = {isa = PBXFileReference; lastKnownFileType = sourcecode.swift; path = TootFormatter.swift; sourceTree = "<group>"; };
		9C58487D212EED8800B78C8C /* TootTextView.swift */ = {isa = PBXFileReference; lastKnownFileType = sourcecode.swift; path = TootTextView.swift; sourceTree = "<group>"; };
		9C846DB6212FA4E500F164FC /* Extensions.swift */ = {isa = PBXFileReference; lastKnownFileType = sourcecode.swift; path = Extensions.swift; sourceTree = "<group>"; };
		9CAB7C6B213464CA00C24450 /* TootTimeFormatter.swift */ = {isa = PBXFileReference; lastKnownFileType = sourcecode.swift; path = TootTimeFormatter.swift; sourceTree = "<group>"; };
		9CFDDF03212CE06C007FC2DF /* BlueToot.app */ = {isa = PBXFileReference; explicitFileType = wrapper.application; includeInIndex = 0; path = BlueToot.app; sourceTree = BUILT_PRODUCTS_DIR; };
		9CFDDF06212CE06C007FC2DF /* AppDelegate.swift */ = {isa = PBXFileReference; lastKnownFileType = sourcecode.swift; path = AppDelegate.swift; sourceTree = "<group>"; };
		9CFDDF0B212CE06C007FC2DF /* Base */ = {isa = PBXFileReference; lastKnownFileType = file.storyboard; name = Base; path = Base.lproj/Main.storyboard; sourceTree = "<group>"; };
		9CFDDF0D212CE06F007FC2DF /* Assets.xcassets */ = {isa = PBXFileReference; lastKnownFileType = folder.assetcatalog; path = Assets.xcassets; sourceTree = "<group>"; };
		9CFDDF10212CE06F007FC2DF /* Base */ = {isa = PBXFileReference; lastKnownFileType = file.storyboard; name = Base; path = Base.lproj/LaunchScreen.storyboard; sourceTree = "<group>"; };
		9CFDDF12212CE06F007FC2DF /* Info.plist */ = {isa = PBXFileReference; lastKnownFileType = text.plist.xml; path = Info.plist; sourceTree = "<group>"; };
		9CFDDF1A212D0CAB007FC2DF /* ClientManager.swift */ = {isa = PBXFileReference; lastKnownFileType = sourcecode.swift; path = ClientManager.swift; sourceTree = "<group>"; };
		9CFDDF1C212D11B0007FC2DF /* TootsTableViewController.swift */ = {isa = PBXFileReference; lastKnownFileType = sourcecode.swift; path = TootsTableViewController.swift; sourceTree = "<group>"; };
		9CFDDF20212D9184007FC2DF /* Coordinator.swift */ = {isa = PBXFileReference; lastKnownFileType = sourcecode.swift; path = Coordinator.swift; sourceTree = "<group>"; };
		9CFDDF22212D91BE007FC2DF /* RootCoordinator.swift */ = {isa = PBXFileReference; lastKnownFileType = sourcecode.swift; path = RootCoordinator.swift; sourceTree = "<group>"; };
		9CFDDF25212D9460007FC2DF /* StatusTableViewCell.swift */ = {isa = PBXFileReference; lastKnownFileType = sourcecode.swift; path = StatusTableViewCell.swift; sourceTree = "<group>"; };
		9CFDDF28212D9DC8007FC2DF /* DataProvider.swift */ = {isa = PBXFileReference; lastKnownFileType = sourcecode.swift; path = DataProvider.swift; sourceTree = "<group>"; };
		9CFDDF2A212D9E23007FC2DF /* DataPresenter.swift */ = {isa = PBXFileReference; lastKnownFileType = sourcecode.swift; path = DataPresenter.swift; sourceTree = "<group>"; };
		9CFDDF2C212D9E4E007FC2DF /* TableViewControllerWithAdapter.swift */ = {isa = PBXFileReference; lastKnownFileType = sourcecode.swift; path = TableViewControllerWithAdapter.swift; sourceTree = "<group>"; };
		9CFDDF2E212D9EB2007FC2DF /* StatusesAdapter.swift */ = {isa = PBXFileReference; lastKnownFileType = sourcecode.swift; path = StatusesAdapter.swift; sourceTree = "<group>"; };
		A3D158A05994C634D6289FD6 /* Pods-BlueToot.debug.xcconfig */ = {isa = PBXFileReference; includeInIndex = 1; lastKnownFileType = text.xcconfig; name = "Pods-BlueToot.debug.xcconfig"; path = "Pods/Target Support Files/Pods-BlueToot/Pods-BlueToot.debug.xcconfig"; sourceTree = "<group>"; };
		DE9974602134F397005AF8ED /* NotificationsAdapter.swift */ = {isa = PBXFileReference; fileEncoding = 4; lastKnownFileType = sourcecode.swift; path = NotificationsAdapter.swift; sourceTree = "<group>"; };
		DE9974612134F397005AF8ED /* NotificationTableViewCell.swift */ = {isa = PBXFileReference; fileEncoding = 4; lastKnownFileType = sourcecode.swift; path = NotificationTableViewCell.swift; sourceTree = "<group>"; };
/* End PBXFileReference section */

/* Begin PBXFrameworksBuildPhase section */
		9CFDDF00212CE06C007FC2DF /* Frameworks */ = {
			isa = PBXFrameworksBuildPhase;
			buildActionMask = 2147483647;
			files = (
				A40CF7B663EC3E8FA3694644 /* Pods_BlueToot.framework in Frameworks */,
			);
			runOnlyForDeploymentPostprocessing = 0;
		};
/* End PBXFrameworksBuildPhase section */

/* Begin PBXGroup section */
		9C2364F8212DEAB60016E7F7 /* View Hierarchy */ = {
			isa = PBXGroup;
			children = (
				9C236507212E1E130016E7F7 /* Compose */,
				9C2364FE212DECE40016E7F7 /* Local */,
				9C2364F9212DEAFA0016E7F7 /* Notifications */,
				9CFDDF24212D943E007FC2DF /* Timeline */,
			);
			path = "View Hierarchy";
			sourceTree = "<group>";
		};
		9C2364F9212DEAFA0016E7F7 /* Notifications */ = {
			isa = PBXGroup;
			children = (
				DE9974602134F397005AF8ED /* NotificationsAdapter.swift */,
				DE9974612134F397005AF8ED /* NotificationTableViewCell.swift */,
				9C2364FA212DEB130016E7F7 /* NotificationsCoordinator.swift */,
				9C2364FC212DEB7A0016E7F7 /* NotificationsTableViewController.swift */,
			);
			path = Notifications;
			sourceTree = "<group>";
		};
		9C2364FE212DECE40016E7F7 /* Local */ = {
			isa = PBXGroup;
			children = (
				9C2364FF212DECF70016E7F7 /* LocalCoordinator.swift */,
				9C236501212DED190016E7F7 /* LocalTableViewController.swift */,
			);
			path = Local;
			sourceTree = "<group>";
		};
		9C236507212E1E130016E7F7 /* Compose */ = {
			isa = PBXGroup;
			children = (
				9C23650A212E260B0016E7F7 /* ComposeCoordinator.swift */,
				9C236508212E1E130016E7F7 /* ComposeTootViewController.swift */,
			);
			path = Compose;
			sourceTree = "<group>";
		};
		9C58487F212F125000B78C8C /* Components */ = {
			isa = PBXGroup;
			children = (
				9C584880212F125D00B78C8C /* Toot */,
				9CAB7C6A2134649700C24450 /* ImageGalleryView */,
			);
			path = Components;
			sourceTree = "<group>";
		};
		9C584880212F125D00B78C8C /* Toot */ = {
			isa = PBXGroup;
			children = (
				9C58487B212EE13B00B78C8C /* TootFormatter.swift */,
				9C58487D212EED8800B78C8C /* TootTextView.swift */,
				9CAB7C6B213464CA00C24450 /* TootTimeFormatter.swift */,
			);
			path = Toot;
			sourceTree = "<group>";
		};
		9CAB7C6A2134649700C24450 /* ImageGalleryView */ = {
			isa = PBXGroup;
			children = (
				9C285F1A2131BFB7006B0118 /* ImageGalleryView.swift */,
			);
			path = ImageGalleryView;
			sourceTree = "<group>";
		};
		9CFDDEFA212CE06C007FC2DF = {
			isa = PBXGroup;
			children = (
				9CFDDF05212CE06C007FC2DF /* BlueToot */,
				9CFDDF04212CE06C007FC2DF /* Products */,
				D59A4C92E163299AADC1B69F /* Pods */,
				F1DDA05E2B1365350269AC0C /* Frameworks */,
			);
			sourceTree = "<group>";
		};
		9CFDDF04212CE06C007FC2DF /* Products */ = {
			isa = PBXGroup;
			children = (
				9CFDDF03212CE06C007FC2DF /* BlueToot.app */,
			);
			name = Products;
			sourceTree = "<group>";
		};
		9CFDDF05212CE06C007FC2DF /* BlueToot */ = {
			isa = PBXGroup;
			children = (
				9C58487F212F125000B78C8C /* Components */,
				9CFDDF27212D9DB6007FC2DF /* Protocols */,
				9CFDDF1F212D9152007FC2DF /* Coordinators */,
				9C2364F8212DEAB60016E7F7 /* View Hierarchy */,
				9CFDDF06212CE06C007FC2DF /* AppDelegate.swift */,
				9CFDDF0A212CE06C007FC2DF /* Main.storyboard */,
				9CFDDF0D212CE06F007FC2DF /* Assets.xcassets */,
				9CFDDF0F212CE06F007FC2DF /* LaunchScreen.storyboard */,
				9CFDDF12212CE06F007FC2DF /* Info.plist */,
				9CFDDF1A212D0CAB007FC2DF /* ClientManager.swift */,
				9C846DB6212FA4E500F164FC /* Extensions.swift */,
			);
			path = BlueToot;
			sourceTree = "<group>";
		};
		9CFDDF1F212D9152007FC2DF /* Coordinators */ = {
			isa = PBXGroup;
			children = (
				9CFDDF20212D9184007FC2DF /* Coordinator.swift */,
				9CFDDF22212D91BE007FC2DF /* RootCoordinator.swift */,
			);
			path = Coordinators;
			sourceTree = "<group>";
		};
		9CFDDF24212D943E007FC2DF /* Timeline */ = {
			isa = PBXGroup;
			children = (
				9C236503212DEE090016E7F7 /* TimelineCoordinator.swift */,
				9CFDDF1C212D11B0007FC2DF /* TootsTableViewController.swift */,
				9CFDDF25212D9460007FC2DF /* StatusTableViewCell.swift */,
				9CFDDF2E212D9EB2007FC2DF /* StatusesAdapter.swift */,
			);
			path = Timeline;
			sourceTree = "<group>";
		};
		9CFDDF27212D9DB6007FC2DF /* Protocols */ = {
			isa = PBXGroup;
			children = (
				9CFDDF28212D9DC8007FC2DF /* DataProvider.swift */,
				9CFDDF2A212D9E23007FC2DF /* DataPresenter.swift */,
				9CFDDF2C212D9E4E007FC2DF /* TableViewControllerWithAdapter.swift */,
			);
			path = Protocols;
			sourceTree = "<group>";
		};
		D59A4C92E163299AADC1B69F /* Pods */ = {
			isa = PBXGroup;
			children = (
				A3D158A05994C634D6289FD6 /* Pods-BlueToot.debug.xcconfig */,
				99B34D28972EAA355FD377D7 /* Pods-BlueToot.release.xcconfig */,
			);
			name = Pods;
			sourceTree = "<group>";
		};
		F1DDA05E2B1365350269AC0C /* Frameworks */ = {
			isa = PBXGroup;
			children = (
				3DCEA9B521743CCA2C065011 /* Pods_BlueToot.framework */,
			);
			name = Frameworks;
			sourceTree = "<group>";
		};
/* End PBXGroup section */

/* Begin PBXNativeTarget section */
		9CFDDF02212CE06C007FC2DF /* BlueToot */ = {
			isa = PBXNativeTarget;
			buildConfigurationList = 9CFDDF15212CE06F007FC2DF /* Build configuration list for PBXNativeTarget "BlueToot" */;
			buildPhases = (
				F21D87C8E3A5C722DE93C504 /* [CP] Check Pods Manifest.lock */,
				9CFDDEFF212CE06C007FC2DF /* Sources */,
				9CFDDF00212CE06C007FC2DF /* Frameworks */,
				9CFDDF01212CE06C007FC2DF /* Resources */,
				8866FD9910705EA520F8AA1A /* [CP] Embed Pods Frameworks */,
			);
			buildRules = (
			);
			dependencies = (
			);
			name = BlueToot;
			productName = BlueToot;
			productReference = 9CFDDF03212CE06C007FC2DF /* BlueToot.app */;
			productType = "com.apple.product-type.application";
		};
/* End PBXNativeTarget section */

/* Begin PBXProject section */
		9CFDDEFB212CE06C007FC2DF /* Project object */ = {
			isa = PBXProject;
			attributes = {
				LastSwiftUpdateCheck = 1000;
				LastUpgradeCheck = 1000;
				ORGANIZATIONNAME = "Kevin Clark";
				TargetAttributes = {
					9CFDDF02212CE06C007FC2DF = {
						CreatedOnToolsVersion = 10.0;
					};
				};
			};
			buildConfigurationList = 9CFDDEFE212CE06C007FC2DF /* Build configuration list for PBXProject "BlueToot" */;
			compatibilityVersion = "Xcode 9.3";
			developmentRegion = en;
			hasScannedForEncodings = 0;
			knownRegions = (
				en,
				Base,
			);
			mainGroup = 9CFDDEFA212CE06C007FC2DF;
			productRefGroup = 9CFDDF04212CE06C007FC2DF /* Products */;
			projectDirPath = "";
			projectRoot = "";
			targets = (
				9CFDDF02212CE06C007FC2DF /* BlueToot */,
			);
		};
/* End PBXProject section */

/* Begin PBXResourcesBuildPhase section */
		9CFDDF01212CE06C007FC2DF /* Resources */ = {
			isa = PBXResourcesBuildPhase;
			buildActionMask = 2147483647;
			files = (
				9CFDDF11212CE06F007FC2DF /* LaunchScreen.storyboard in Resources */,
				9CFDDF0E212CE06F007FC2DF /* Assets.xcassets in Resources */,
				9CFDDF0C212CE06C007FC2DF /* Main.storyboard in Resources */,
			);
			runOnlyForDeploymentPostprocessing = 0;
		};
/* End PBXResourcesBuildPhase section */

/* Begin PBXShellScriptBuildPhase section */
		8866FD9910705EA520F8AA1A /* [CP] Embed Pods Frameworks */ = {
			isa = PBXShellScriptBuildPhase;
			buildActionMask = 2147483647;
			files = (
			);
			inputPaths = (
				"${SRCROOT}/Pods/Target Support Files/Pods-BlueToot/Pods-BlueToot-frameworks.sh",
				"${BUILT_PRODUCTS_DIR}/HTMLString/HTMLString.framework",
				"${BUILT_PRODUCTS_DIR}/MastodonKit/MastodonKit.framework",
				"${BUILT_PRODUCTS_DIR}/OAuthSwift/OAuthSwift.framework",
			);
			name = "[CP] Embed Pods Frameworks";
			outputPaths = (
				"${TARGET_BUILD_DIR}/${FRAMEWORKS_FOLDER_PATH}/HTMLString.framework",
				"${TARGET_BUILD_DIR}/${FRAMEWORKS_FOLDER_PATH}/MastodonKit.framework",
				"${TARGET_BUILD_DIR}/${FRAMEWORKS_FOLDER_PATH}/OAuthSwift.framework",
			);
			runOnlyForDeploymentPostprocessing = 0;
			shellPath = /bin/sh;
			shellScript = "\"${SRCROOT}/Pods/Target Support Files/Pods-BlueToot/Pods-BlueToot-frameworks.sh\"\n";
			showEnvVarsInLog = 0;
		};
		F21D87C8E3A5C722DE93C504 /* [CP] Check Pods Manifest.lock */ = {
			isa = PBXShellScriptBuildPhase;
			buildActionMask = 2147483647;
			files = (
			);
			inputPaths = (
				"${PODS_PODFILE_DIR_PATH}/Podfile.lock",
				"${PODS_ROOT}/Manifest.lock",
			);
			name = "[CP] Check Pods Manifest.lock";
			outputPaths = (
				"$(DERIVED_FILE_DIR)/Pods-BlueToot-checkManifestLockResult.txt",
			);
			runOnlyForDeploymentPostprocessing = 0;
			shellPath = /bin/sh;
			shellScript = "diff \"${PODS_PODFILE_DIR_PATH}/Podfile.lock\" \"${PODS_ROOT}/Manifest.lock\" > /dev/null\nif [ $? != 0 ] ; then\n    # print error to STDERR\n    echo \"error: The sandbox is not in sync with the Podfile.lock. Run 'pod install' or update your CocoaPods installation.\" >&2\n    exit 1\nfi\n# This output is used by Xcode 'outputs' to avoid re-running this script phase.\necho \"SUCCESS\" > \"${SCRIPT_OUTPUT_FILE_0}\"\n";
			showEnvVarsInLog = 0;
		};
/* End PBXShellScriptBuildPhase section */

/* Begin PBXSourcesBuildPhase section */
		9CFDDEFF212CE06C007FC2DF /* Sources */ = {
			isa = PBXSourcesBuildPhase;
			buildActionMask = 2147483647;
			files = (
				9C58487E212EED8800B78C8C /* TootTextView.swift in Sources */,
				9C23650B212E260B0016E7F7 /* ComposeCoordinator.swift in Sources */,
				9C236500212DECF70016E7F7 /* LocalCoordinator.swift in Sources */,
				9C236502212DED190016E7F7 /* LocalTableViewController.swift in Sources */,
				9CFDDF2B212D9E23007FC2DF /* DataPresenter.swift in Sources */,
				9CFDDF1D212D11B0007FC2DF /* TootsTableViewController.swift in Sources */,
				9C2364FD212DEB7A0016E7F7 /* NotificationsTableViewController.swift in Sources */,
				DE9974622134F397005AF8ED /* NotificationsAdapter.swift in Sources */,
				9C236509212E1E130016E7F7 /* ComposeTootViewController.swift in Sources */,
				9CFDDF21212D9184007FC2DF /* Coordinator.swift in Sources */,
				9C285F1B2131BFB7006B0118 /* ImageGalleryView.swift in Sources */,
				9CFDDF26212D9460007FC2DF /* StatusTableViewCell.swift in Sources */,
				DE9974632134F397005AF8ED /* NotificationTableViewCell.swift in Sources */,
				9CFDDF29212D9DC8007FC2DF /* DataProvider.swift in Sources */,
				9CFDDF07212CE06C007FC2DF /* AppDelegate.swift in Sources */,
				9CFDDF2D212D9E4E007FC2DF /* TableViewControllerWithAdapter.swift in Sources */,
				9CFDDF2F212D9EB2007FC2DF /* StatusesAdapter.swift in Sources */,
				9CFDDF23212D91BE007FC2DF /* RootCoordinator.swift in Sources */,
				9C846DB7212FA4E500F164FC /* Extensions.swift in Sources */,
				9CFDDF1B212D0CAB007FC2DF /* ClientManager.swift in Sources */,
				9C2364FB212DEB130016E7F7 /* NotificationsCoordinator.swift in Sources */,
				9C58487C212EE13B00B78C8C /* TootFormatter.swift in Sources */,
				9C236504212DEE090016E7F7 /* TimelineCoordinator.swift in Sources */,
				9CAB7C6C213464CA00C24450 /* TootTimeFormatter.swift in Sources */,
			);
			runOnlyForDeploymentPostprocessing = 0;
		};
/* End PBXSourcesBuildPhase section */

/* Begin PBXVariantGroup section */
		9CFDDF0A212CE06C007FC2DF /* Main.storyboard */ = {
			isa = PBXVariantGroup;
			children = (
				9CFDDF0B212CE06C007FC2DF /* Base */,
			);
			name = Main.storyboard;
			sourceTree = "<group>";
		};
		9CFDDF0F212CE06F007FC2DF /* LaunchScreen.storyboard */ = {
			isa = PBXVariantGroup;
			children = (
				9CFDDF10212CE06F007FC2DF /* Base */,
			);
			name = LaunchScreen.storyboard;
			sourceTree = "<group>";
		};
/* End PBXVariantGroup section */

/* Begin XCBuildConfiguration section */
		9CFDDF13212CE06F007FC2DF /* Debug */ = {
			isa = XCBuildConfiguration;
			buildSettings = {
				ALWAYS_SEARCH_USER_PATHS = NO;
				CLANG_ANALYZER_NONNULL = YES;
				CLANG_ANALYZER_NUMBER_OBJECT_CONVERSION = YES_AGGRESSIVE;
				CLANG_CXX_LANGUAGE_STANDARD = "gnu++14";
				CLANG_CXX_LIBRARY = "libc++";
				CLANG_ENABLE_MODULES = YES;
				CLANG_ENABLE_OBJC_ARC = YES;
				CLANG_ENABLE_OBJC_WEAK = YES;
				CLANG_WARN_BLOCK_CAPTURE_AUTORELEASING = YES;
				CLANG_WARN_BOOL_CONVERSION = YES;
				CLANG_WARN_COMMA = YES;
				CLANG_WARN_CONSTANT_CONVERSION = YES;
				CLANG_WARN_DEPRECATED_OBJC_IMPLEMENTATIONS = YES;
				CLANG_WARN_DIRECT_OBJC_ISA_USAGE = YES_ERROR;
				CLANG_WARN_DOCUMENTATION_COMMENTS = YES;
				CLANG_WARN_EMPTY_BODY = YES;
				CLANG_WARN_ENUM_CONVERSION = YES;
				CLANG_WARN_INFINITE_RECURSION = YES;
				CLANG_WARN_INT_CONVERSION = YES;
				CLANG_WARN_NON_LITERAL_NULL_CONVERSION = YES;
				CLANG_WARN_OBJC_IMPLICIT_RETAIN_SELF = YES;
				CLANG_WARN_OBJC_LITERAL_CONVERSION = YES;
				CLANG_WARN_OBJC_ROOT_CLASS = YES_ERROR;
				CLANG_WARN_RANGE_LOOP_ANALYSIS = YES;
				CLANG_WARN_STRICT_PROTOTYPES = YES;
				CLANG_WARN_SUSPICIOUS_MOVE = YES;
				CLANG_WARN_UNGUARDED_AVAILABILITY = YES_AGGRESSIVE;
				CLANG_WARN_UNREACHABLE_CODE = YES;
				CLANG_WARN__DUPLICATE_METHOD_MATCH = YES;
				CODE_SIGN_IDENTITY = "iPhone Developer";
				COPY_PHASE_STRIP = NO;
				DEBUG_INFORMATION_FORMAT = dwarf;
				ENABLE_STRICT_OBJC_MSGSEND = YES;
				ENABLE_TESTABILITY = YES;
				GCC_C_LANGUAGE_STANDARD = gnu11;
				GCC_DYNAMIC_NO_PIC = NO;
				GCC_NO_COMMON_BLOCKS = YES;
				GCC_OPTIMIZATION_LEVEL = 0;
				GCC_PREPROCESSOR_DEFINITIONS = (
					"DEBUG=1",
					"$(inherited)",
				);
				GCC_WARN_64_TO_32_BIT_CONVERSION = YES;
				GCC_WARN_ABOUT_RETURN_TYPE = YES_ERROR;
				GCC_WARN_UNDECLARED_SELECTOR = YES;
				GCC_WARN_UNINITIALIZED_AUTOS = YES_AGGRESSIVE;
				GCC_WARN_UNUSED_FUNCTION = YES;
				GCC_WARN_UNUSED_VARIABLE = YES;
				IPHONEOS_DEPLOYMENT_TARGET = 12.0;
				MTL_ENABLE_DEBUG_INFO = INCLUDE_SOURCE;
				ONLY_ACTIVE_ARCH = YES;
				SDKROOT = iphoneos;
				SWIFT_ACTIVE_COMPILATION_CONDITIONS = DEBUG;
				SWIFT_OPTIMIZATION_LEVEL = "-Onone";
			};
			name = Debug;
		};
		9CFDDF14212CE06F007FC2DF /* Release */ = {
			isa = XCBuildConfiguration;
			buildSettings = {
				ALWAYS_SEARCH_USER_PATHS = NO;
				CLANG_ANALYZER_NONNULL = YES;
				CLANG_ANALYZER_NUMBER_OBJECT_CONVERSION = YES_AGGRESSIVE;
				CLANG_CXX_LANGUAGE_STANDARD = "gnu++14";
				CLANG_CXX_LIBRARY = "libc++";
				CLANG_ENABLE_MODULES = YES;
				CLANG_ENABLE_OBJC_ARC = YES;
				CLANG_ENABLE_OBJC_WEAK = YES;
				CLANG_WARN_BLOCK_CAPTURE_AUTORELEASING = YES;
				CLANG_WARN_BOOL_CONVERSION = YES;
				CLANG_WARN_COMMA = YES;
				CLANG_WARN_CONSTANT_CONVERSION = YES;
				CLANG_WARN_DEPRECATED_OBJC_IMPLEMENTATIONS = YES;
				CLANG_WARN_DIRECT_OBJC_ISA_USAGE = YES_ERROR;
				CLANG_WARN_DOCUMENTATION_COMMENTS = YES;
				CLANG_WARN_EMPTY_BODY = YES;
				CLANG_WARN_ENUM_CONVERSION = YES;
				CLANG_WARN_INFINITE_RECURSION = YES;
				CLANG_WARN_INT_CONVERSION = YES;
				CLANG_WARN_NON_LITERAL_NULL_CONVERSION = YES;
				CLANG_WARN_OBJC_IMPLICIT_RETAIN_SELF = YES;
				CLANG_WARN_OBJC_LITERAL_CONVERSION = YES;
				CLANG_WARN_OBJC_ROOT_CLASS = YES_ERROR;
				CLANG_WARN_RANGE_LOOP_ANALYSIS = YES;
				CLANG_WARN_STRICT_PROTOTYPES = YES;
				CLANG_WARN_SUSPICIOUS_MOVE = YES;
				CLANG_WARN_UNGUARDED_AVAILABILITY = YES_AGGRESSIVE;
				CLANG_WARN_UNREACHABLE_CODE = YES;
				CLANG_WARN__DUPLICATE_METHOD_MATCH = YES;
				CODE_SIGN_IDENTITY = "iPhone Developer";
				COPY_PHASE_STRIP = NO;
				DEBUG_INFORMATION_FORMAT = "dwarf-with-dsym";
				ENABLE_NS_ASSERTIONS = NO;
				ENABLE_STRICT_OBJC_MSGSEND = YES;
				GCC_C_LANGUAGE_STANDARD = gnu11;
				GCC_NO_COMMON_BLOCKS = YES;
				GCC_WARN_64_TO_32_BIT_CONVERSION = YES;
				GCC_WARN_ABOUT_RETURN_TYPE = YES_ERROR;
				GCC_WARN_UNDECLARED_SELECTOR = YES;
				GCC_WARN_UNINITIALIZED_AUTOS = YES_AGGRESSIVE;
				GCC_WARN_UNUSED_FUNCTION = YES;
				GCC_WARN_UNUSED_VARIABLE = YES;
				IPHONEOS_DEPLOYMENT_TARGET = 12.0;
				MTL_ENABLE_DEBUG_INFO = NO;
				SDKROOT = iphoneos;
				SWIFT_COMPILATION_MODE = wholemodule;
				SWIFT_OPTIMIZATION_LEVEL = "-O";
				VALIDATE_PRODUCT = YES;
			};
			name = Release;
		};
		9CFDDF16212CE06F007FC2DF /* Debug */ = {
			isa = XCBuildConfiguration;
			baseConfigurationReference = A3D158A05994C634D6289FD6 /* Pods-BlueToot.debug.xcconfig */;
			buildSettings = {
				ASSETCATALOG_COMPILER_APPICON_NAME = AppIcon;
				CODE_SIGN_STYLE = Automatic;
				DEVELOPMENT_TEAM = 9DW5Q9T99C;
				INFOPLIST_FILE = BlueToot/Info.plist;
				LD_RUNPATH_SEARCH_PATHS = (
					"$(inherited)",
					"@executable_path/Frameworks",
				);
				PRODUCT_BUNDLE_IDENTIFIER = com.kevinclark.BlueToot;
				PRODUCT_NAME = "$(TARGET_NAME)";
				SWIFT_VERSION = 4.2;
				TARGETED_DEVICE_FAMILY = "1,2";
			};
			name = Debug;
		};
		9CFDDF17212CE06F007FC2DF /* Release */ = {
			isa = XCBuildConfiguration;
			baseConfigurationReference = 99B34D28972EAA355FD377D7 /* Pods-BlueToot.release.xcconfig */;
			buildSettings = {
				ASSETCATALOG_COMPILER_APPICON_NAME = AppIcon;
				CODE_SIGN_STYLE = Automatic;
				DEVELOPMENT_TEAM = 9DW5Q9T99C;
				INFOPLIST_FILE = BlueToot/Info.plist;
				LD_RUNPATH_SEARCH_PATHS = (
					"$(inherited)",
					"@executable_path/Frameworks",
				);
				PRODUCT_BUNDLE_IDENTIFIER = com.kevinclark.BlueToot;
				PRODUCT_NAME = "$(TARGET_NAME)";
				SWIFT_VERSION = 4.2;
				TARGETED_DEVICE_FAMILY = "1,2";
			};
			name = Release;
		};
/* End XCBuildConfiguration section */

/* Begin XCConfigurationList section */
		9CFDDEFE212CE06C007FC2DF /* Build configuration list for PBXProject "BlueToot" */ = {
			isa = XCConfigurationList;
			buildConfigurations = (
				9CFDDF13212CE06F007FC2DF /* Debug */,
				9CFDDF14212CE06F007FC2DF /* Release */,
			);
			defaultConfigurationIsVisible = 0;
			defaultConfigurationName = Release;
		};
		9CFDDF15212CE06F007FC2DF /* Build configuration list for PBXNativeTarget "BlueToot" */ = {
			isa = XCConfigurationList;
			buildConfigurations = (
				9CFDDF16212CE06F007FC2DF /* Debug */,
				9CFDDF17212CE06F007FC2DF /* Release */,
			);
			defaultConfigurationIsVisible = 0;
			defaultConfigurationName = Release;
		};
/* End XCConfigurationList section */
	};
	rootObject = 9CFDDEFB212CE06C007FC2DF /* Project object */;
}
